
Microsoft Visual Studio Solution File, Format Version 12.00
# Visual Studio Version 17
VisualStudioVersion = 17.5.33502.453
MinimumVisualStudioVersion = 10.0.40219.1
Project("{9A19103F-16F7-4668-BE54-9A1E7A4F7556}") = "SauniausiaKomanda.API", "SaunausiaKomanda.API\SauniausiaKomanda.API.csproj", "{77570AD8-7953-4288-947F-75230C257C83}"
EndProject
Project("{2150E333-8FDC-42A3-9474-1A3956D46DE8}") = "Solution Items", "Solution Items", "{7D1EAF21-2CE0-4339-8376-F7AFDD6BA801}"
	ProjectSection(SolutionItems) = preProject
		.editorconfig = .editorconfig
	EndProjectSection
EndProject
Project("{9A19103F-16F7-4668-BE54-9A1E7A4F7556}") = "SauniausiaKomanda.BLL", "SauniausiaKomanda.BLL\SauniausiaKomanda.BLL.csproj", "{215D80ED-4BA6-4E11-85FF-CB8F8B8A5278}"
EndProject
Project("{9A19103F-16F7-4668-BE54-9A1E7A4F7556}") = "SauniausiaKomanda.DAL", "SauniausiaKomanda.DAL\SauniausiaKomanda.DAL.csproj", "{410610DA-CA7C-4CA8-8FDA-05645638EFEF}"
EndProject
Global
	GlobalSection(SolutionConfigurationPlatforms) = preSolution
		Debug|Any CPU = Debug|Any CPU
		Release|Any CPU = Release|Any CPU
	EndGlobalSection
	GlobalSection(ProjectConfigurationPlatforms) = postSolution
		{77570AD8-7953-4288-947F-75230C257C83}.Debug|Any CPU.ActiveCfg = Debug|Any CPU
		{77570AD8-7953-4288-947F-75230C257C83}.Debug|Any CPU.Build.0 = Debug|Any CPU
		{77570AD8-7953-4288-947F-75230C257C83}.Release|Any CPU.ActiveCfg = Release|Any CPU
		{77570AD8-7953-4288-947F-75230C257C83}.Release|Any CPU.Build.0 = Release|Any CPU
		{215D80ED-4BA6-4E11-85FF-CB8F8B8A5278}.Debug|Any CPU.ActiveCfg = Debug|Any CPU
		{215D80ED-4BA6-4E11-85FF-CB8F8B8A5278}.Debug|Any CPU.Build.0 = Debug|Any CPU
		{215D80ED-4BA6-4E11-85FF-CB8F8B8A5278}.Release|Any CPU.ActiveCfg = Release|Any CPU
		{215D80ED-4BA6-4E11-85FF-CB8F8B8A5278}.Release|Any CPU.Build.0 = Release|Any CPU
		{410610DA-CA7C-4CA8-8FDA-05645638EFEF}.Debug|Any CPU.ActiveCfg = Debug|Any CPU
		{410610DA-CA7C-4CA8-8FDA-05645638EFEF}.Debug|Any CPU.Build.0 = Debug|Any CPU
		{410610DA-CA7C-4CA8-8FDA-05645638EFEF}.Release|Any CPU.ActiveCfg = Release|Any CPU
		{410610DA-CA7C-4CA8-8FDA-05645638EFEF}.Release|Any CPU.Build.0 = Release|Any CPU
	EndGlobalSection
	GlobalSection(SolutionProperties) = preSolution
		HideSolutionNode = FALSE
	EndGlobalSection
	GlobalSection(ExtensibilityGlobals) = postSolution
		SolutionGuid = {9964A28B-02F5-4B42-9CCE-D21E10363550}
	EndGlobalSection
EndGlobal
